
Microsoft Visual Studio Solution File, Format Version 12.00
# Visual Studio Version 16
VisualStudioVersion = 16.0.31005.135
MinimumVisualStudioVersion = 10.0.40219.1
Project("{FAE04EC0-301F-11D3-BF4B-00C04F79EFBC}") = "testgithub", "testgithub.csproj", "{90A1C505-243E-4AE6-8279-8F62EC057E98}"
EndProject
Global
	GlobalSection(SolutionConfigurationPlatforms) = preSolution
		Debug|Any CPU = Debug|Any CPU
		Release|Any CPU = Release|Any CPU
	EndGlobalSection
	GlobalSection(ProjectConfigurationPlatforms) = postSolution
		{90A1C505-243E-4AE6-8279-8F62EC057E98}.Debug|Any CPU.ActiveCfg = Debug|Any CPU
		{90A1C505-243E-4AE6-8279-8F62EC057E98}.Debug|Any CPU.Build.0 = Debug|Any CPU
		{90A1C505-243E-4AE6-8279-8F62EC057E98}.Release|Any CPU.ActiveCfg = Release|Any CPU
		{90A1C505-243E-4AE6-8279-8F62EC057E98}.Release|Any CPU.Build.0 = Release|Any CPU
	EndGlobalSection
	GlobalSection(SolutionProperties) = preSolution
		HideSolutionNode = FALSE
	EndGlobalSection
	GlobalSection(ExtensibilityGlobals) = postSolution
		SolutionGuid = {57CFF575-CC6D-4C74-9F74-05BCED8DD545}
	EndGlobalSection
EndGlobal
